
Microsoft Visual Studio Solution File, Format Version 12.00
# Visual Studio Version 17
VisualStudioVersion = 17.2.32602.215
MinimumVisualStudioVersion = 10.0.40219.1
Project("{8BC9CEB8-8B4A-11D0-8D11-00A0C91BC942}") = "Caso1", "Caso1.vcxproj", "{830FB82B-2733-4178-B7DC-8920C6914245}"
EndProject
Global
	GlobalSection(SolutionConfigurationPlatforms) = preSolution
		Debug|x64 = Debug|x64
		Debug|x86 = Debug|x86
		Release|x64 = Release|x64
		Release|x86 = Release|x86
	EndGlobalSection
	GlobalSection(ProjectConfigurationPlatforms) = postSolution
		{830FB82B-2733-4178-B7DC-8920C6914245}.Debug|x64.ActiveCfg = Debug|x64
		{830FB82B-2733-4178-B7DC-8920C6914245}.Debug|x64.Build.0 = Debug|x64
		{830FB82B-2733-4178-B7DC-8920C6914245}.Debug|x86.ActiveCfg = Debug|Win32
		{830FB82B-2733-4178-B7DC-8920C6914245}.Debug|x86.Build.0 = Debug|Win32
		{830FB82B-2733-4178-B7DC-8920C6914245}.Release|x64.ActiveCfg = Release|x64
		{830FB82B-2733-4178-B7DC-8920C6914245}.Release|x64.Build.0 = Release|x64
		{830FB82B-2733-4178-B7DC-8920C6914245}.Release|x86.ActiveCfg = Release|Win32
		{830FB82B-2733-4178-B7DC-8920C6914245}.Release|x86.Build.0 = Release|Win32
	EndGlobalSection
	GlobalSection(SolutionProperties) = preSolution
		HideSolutionNode = FALSE
	EndGlobalSection
	GlobalSection(ExtensibilityGlobals) = postSolution
		SolutionGuid = {00E323CD-0BE5-484E-BDD0-C301AB6F9886}
	EndGlobalSection
EndGlobal
